
Microsoft Visual Studio Solution File, Format Version 12.00
# Visual Studio Version 17
VisualStudioVersion = 17.4.33122.133
MinimumVisualStudioVersion = 10.0.40219.1
Project("{9A19103F-16F7-4668-BE54-9A1E7A4F7556}") = "Imshop", "Imshop\Imshop.csproj", "{97AE4E08-F684-44E9-8BA8-71D42EA20E05}"
EndProject
Global
	GlobalSection(SolutionConfigurationPlatforms) = preSolution
		Debug|Any CPU = Debug|Any CPU
		Release|Any CPU = Release|Any CPU
	EndGlobalSection
	GlobalSection(ProjectConfigurationPlatforms) = postSolution
		{97AE4E08-F684-44E9-8BA8-71D42EA20E05}.Debug|Any CPU.ActiveCfg = Debug|Any CPU
		{97AE4E08-F684-44E9-8BA8-71D42EA20E05}.Debug|Any CPU.Build.0 = Debug|Any CPU
		{97AE4E08-F684-44E9-8BA8-71D42EA20E05}.Release|Any CPU.ActiveCfg = Release|Any CPU
		{97AE4E08-F684-44E9-8BA8-71D42EA20E05}.Release|Any CPU.Build.0 = Release|Any CPU
	EndGlobalSection
	GlobalSection(SolutionProperties) = preSolution
		HideSolutionNode = FALSE
	EndGlobalSection
	GlobalSection(ExtensibilityGlobals) = postSolution
		SolutionGuid = {638746DC-FBD9-45C0-828D-1064AC7CD291}
	EndGlobalSection
EndGlobal
